
Microsoft Visual Studio Solution File, Format Version 12.00
# Visual Studio Version 17
VisualStudioVersion = 17.1.32421.90
MinimumVisualStudioVersion = 10.0.40219.1
Project("{FAE04EC0-301F-11D3-BF4B-00C04F79EFBC}") = "CitPeakWeatherApp", "CitPeakWeatherApp\CitPeakWeatherApp.csproj", "{7E5F00ED-EBFB-4A5D-9F51-6F63997A9C8A}"
EndProject
Project("{FAE04EC0-301F-11D3-BF4B-00C04F79EFBC}") = "WeatherAppUnitTest", "WeatherAppUnitTest\WeatherAppUnitTest.csproj", "{7849FDD6-D616-49ED-8F86-C9335F25AC44}"
EndProject
Global
	GlobalSection(SolutionConfigurationPlatforms) = preSolution
		Debug|ARM = Debug|ARM
		Debug|ARM64 = Debug|ARM64
		Debug|x64 = Debug|x64
		Debug|x86 = Debug|x86
		Release|ARM = Release|ARM
		Release|ARM64 = Release|ARM64
		Release|x64 = Release|x64
		Release|x86 = Release|x86
	EndGlobalSection
	GlobalSection(ProjectConfigurationPlatforms) = postSolution
		{7E5F00ED-EBFB-4A5D-9F51-6F63997A9C8A}.Debug|ARM.ActiveCfg = Debug|ARM
		{7E5F00ED-EBFB-4A5D-9F51-6F63997A9C8A}.Debug|ARM.Build.0 = Debug|ARM
		{7E5F00ED-EBFB-4A5D-9F51-6F63997A9C8A}.Debug|ARM.Deploy.0 = Debug|ARM
		{7E5F00ED-EBFB-4A5D-9F51-6F63997A9C8A}.Debug|ARM64.ActiveCfg = Debug|ARM64
		{7E5F00ED-EBFB-4A5D-9F51-6F63997A9C8A}.Debug|ARM64.Build.0 = Debug|ARM64
		{7E5F00ED-EBFB-4A5D-9F51-6F63997A9C8A}.Debug|ARM64.Deploy.0 = Debug|ARM64
		{7E5F00ED-EBFB-4A5D-9F51-6F63997A9C8A}.Debug|x64.ActiveCfg = Debug|x64
		{7E5F00ED-EBFB-4A5D-9F51-6F63997A9C8A}.Debug|x64.Build.0 = Debug|x64
		{7E5F00ED-EBFB-4A5D-9F51-6F63997A9C8A}.Debug|x64.Deploy.0 = Debug|x64
		{7E5F00ED-EBFB-4A5D-9F51-6F63997A9C8A}.Debug|x86.ActiveCfg = Debug|x86
		{7E5F00ED-EBFB-4A5D-9F51-6F63997A9C8A}.Debug|x86.Build.0 = Debug|x86
		{7E5F00ED-EBFB-4A5D-9F51-6F63997A9C8A}.Debug|x86.Deploy.0 = Debug|x86
		{7E5F00ED-EBFB-4A5D-9F51-6F63997A9C8A}.Release|ARM.ActiveCfg = Release|ARM
		{7E5F00ED-EBFB-4A5D-9F51-6F63997A9C8A}.Release|ARM.Build.0 = Release|ARM
		{7E5F00ED-EBFB-4A5D-9F51-6F63997A9C8A}.Release|ARM.Deploy.0 = Release|ARM
		{7E5F00ED-EBFB-4A5D-9F51-6F63997A9C8A}.Release|ARM64.ActiveCfg = Release|ARM64
		{7E5F00ED-EBFB-4A5D-9F51-6F63997A9C8A}.Release|ARM64.Build.0 = Release|ARM64
		{7E5F00ED-EBFB-4A5D-9F51-6F63997A9C8A}.Release|ARM64.Deploy.0 = Release|ARM64
		{7E5F00ED-EBFB-4A5D-9F51-6F63997A9C8A}.Release|x64.ActiveCfg = Release|x64
		{7E5F00ED-EBFB-4A5D-9F51-6F63997A9C8A}.Release|x64.Build.0 = Release|x64
		{7E5F00ED-EBFB-4A5D-9F51-6F63997A9C8A}.Release|x64.Deploy.0 = Release|x64
		{7E5F00ED-EBFB-4A5D-9F51-6F63997A9C8A}.Release|x86.ActiveCfg = Release|x86
		{7E5F00ED-EBFB-4A5D-9F51-6F63997A9C8A}.Release|x86.Build.0 = Release|x86
		{7E5F00ED-EBFB-4A5D-9F51-6F63997A9C8A}.Release|x86.Deploy.0 = Release|x86
		{7849FDD6-D616-49ED-8F86-C9335F25AC44}.Debug|ARM.ActiveCfg = Debug|ARM
		{7849FDD6-D616-49ED-8F86-C9335F25AC44}.Debug|ARM.Build.0 = Debug|ARM
		{7849FDD6-D616-49ED-8F86-C9335F25AC44}.Debug|ARM.Deploy.0 = Debug|ARM
		{7849FDD6-D616-49ED-8F86-C9335F25AC44}.Debug|ARM64.ActiveCfg = Debug|ARM64
		{7849FDD6-D616-49ED-8F86-C9335F25AC44}.Debug|ARM64.Build.0 = Debug|ARM64
		{7849FDD6-D616-49ED-8F86-C9335F25AC44}.Debug|ARM64.Deploy.0 = Debug|ARM64
		{7849FDD6-D616-49ED-8F86-C9335F25AC44}.Debug|x64.ActiveCfg = Debug|x64
		{7849FDD6-D616-49ED-8F86-C9335F25AC44}.Debug|x64.Build.0 = Debug|x64
		{7849FDD6-D616-49ED-8F86-C9335F25AC44}.Debug|x64.Deploy.0 = Debug|x64
		{7849FDD6-D616-49ED-8F86-C9335F25AC44}.Debug|x86.ActiveCfg = Debug|x86
		{7849FDD6-D616-49ED-8F86-C9335F25AC44}.Debug|x86.Build.0 = Debug|x86
		{7849FDD6-D616-49ED-8F86-C9335F25AC44}.Debug|x86.Deploy.0 = Debug|x86
		{7849FDD6-D616-49ED-8F86-C9335F25AC44}.Release|ARM.ActiveCfg = Release|ARM
		{7849FDD6-D616-49ED-8F86-C9335F25AC44}.Release|ARM.Build.0 = Release|ARM
		{7849FDD6-D616-49ED-8F86-C9335F25AC44}.Release|ARM.Deploy.0 = Release|ARM
		{7849FDD6-D616-49ED-8F86-C9335F25AC44}.Release|ARM64.ActiveCfg = Release|ARM64
		{7849FDD6-D616-49ED-8F86-C9335F25AC44}.Release|ARM64.Build.0 = Release|ARM64
		{7849FDD6-D616-49ED-8F86-C9335F25AC44}.Release|ARM64.Deploy.0 = Release|ARM64
		{7849FDD6-D616-49ED-8F86-C9335F25AC44}.Release|x64.ActiveCfg = Release|x64
		{7849FDD6-D616-49ED-8F86-C9335F25AC44}.Release|x64.Build.0 = Release|x64
		{7849FDD6-D616-49ED-8F86-C9335F25AC44}.Release|x64.Deploy.0 = Release|x64
		{7849FDD6-D616-49ED-8F86-C9335F25AC44}.Release|x86.ActiveCfg = Release|x86
		{7849FDD6-D616-49ED-8F86-C9335F25AC44}.Release|x86.Build.0 = Release|x86
		{7849FDD6-D616-49ED-8F86-C9335F25AC44}.Release|x86.Deploy.0 = Release|x86
	EndGlobalSection
	GlobalSection(SolutionProperties) = preSolution
		HideSolutionNode = FALSE
	EndGlobalSection
	GlobalSection(ExtensibilityGlobals) = postSolution
		SolutionGuid = {52FF8178-8D22-4A79-8782-28199CDF25C5}
	EndGlobalSection
EndGlobal
